
Microsoft Visual Studio Solution File, Format Version 12.00
# Visual Studio Version 17
VisualStudioVersion = 17.2.32602.215
MinimumVisualStudioVersion = 10.0.40219.1
Project("{FAE04EC0-301F-11D3-BF4B-00C04F79EFBC}") = "CONECTORES", "CONECTORES\CONECTORES.csproj", "{4E7580E2-D0C0-4D21-9ABA-06143C65B2F2}"
EndProject
Global
	GlobalSection(SolutionConfigurationPlatforms) = preSolution
		Debug|Any CPU = Debug|Any CPU
		Release|Any CPU = Release|Any CPU
	EndGlobalSection
	GlobalSection(ProjectConfigurationPlatforms) = postSolution
		{4E7580E2-D0C0-4D21-9ABA-06143C65B2F2}.Debug|Any CPU.ActiveCfg = Debug|Any CPU
		{4E7580E2-D0C0-4D21-9ABA-06143C65B2F2}.Debug|Any CPU.Build.0 = Debug|Any CPU
		{4E7580E2-D0C0-4D21-9ABA-06143C65B2F2}.Release|Any CPU.ActiveCfg = Release|Any CPU
		{4E7580E2-D0C0-4D21-9ABA-06143C65B2F2}.Release|Any CPU.Build.0 = Release|Any CPU
	EndGlobalSection
	GlobalSection(SolutionProperties) = preSolution
		HideSolutionNode = FALSE
	EndGlobalSection
	GlobalSection(ExtensibilityGlobals) = postSolution
		SolutionGuid = {29E8672C-10C1-4D17-96FF-5F0675117C01}
	EndGlobalSection
EndGlobal
